
Microsoft Visual Studio Solution File, Format Version 12.00
# Visual Studio Version 16
VisualStudioVersion = 16.0.28606.126
MinimumVisualStudioVersion = 10.0.40219.1
Project("{FAE04EC0-301F-11D3-BF4B-00C04F79EFBC}") = "MadLib", "MadLib\MadLib.csproj", "{978AAAC9-61BA-46B0-81B8-F197D0E53109}"
EndProject
Global
	GlobalSection(SolutionConfigurationPlatforms) = preSolution
		Debug|Any CPU = Debug|Any CPU
		Release|Any CPU = Release|Any CPU
	EndGlobalSection
	GlobalSection(ProjectConfigurationPlatforms) = postSolution
		{978AAAC9-61BA-46B0-81B8-F197D0E53109}.Debug|Any CPU.ActiveCfg = Debug|Any CPU
		{978AAAC9-61BA-46B0-81B8-F197D0E53109}.Debug|Any CPU.Build.0 = Debug|Any CPU
		{978AAAC9-61BA-46B0-81B8-F197D0E53109}.Release|Any CPU.ActiveCfg = Release|Any CPU
		{978AAAC9-61BA-46B0-81B8-F197D0E53109}.Release|Any CPU.Build.0 = Release|Any CPU
	EndGlobalSection
	GlobalSection(SolutionProperties) = preSolution
		HideSolutionNode = FALSE
	EndGlobalSection
	GlobalSection(ExtensibilityGlobals) = postSolution
		SolutionGuid = {15923DA6-14EA-4D6C-911A-22FA7A9D14E2}
	EndGlobalSection
EndGlobal
